
Microsoft Visual Studio Solution File, Format Version 12.00
# Visual Studio Version 16
VisualStudioVersion = 16.0.30717.126
MinimumVisualStudioVersion = 10.0.40219.1
Project("{9A19103F-16F7-4668-BE54-9A1E7A4F7556}") = "BureaucraticOrganization", "BureaucraticOrganizationLibrary\BureaucraticOrganization.csproj", "{5A3B9848-8198-458E-8254-D78DC641C97B}"
EndProject
Project("{FAE04EC0-301F-11D3-BF4B-00C04F79EFBC}") = "BureaucraticOrganizationTest", "BureaucraticOrganizationTest\BureaucraticOrganizationTest.csproj", "{D2A6AC45-FC61-498A-8415-BA1C360FE4DB}"
EndProject
Global
	GlobalSection(SolutionConfigurationPlatforms) = preSolution
		Debug|Any CPU = Debug|Any CPU
		Release|Any CPU = Release|Any CPU
	EndGlobalSection
	GlobalSection(ProjectConfigurationPlatforms) = postSolution
		{5A3B9848-8198-458E-8254-D78DC641C97B}.Debug|Any CPU.ActiveCfg = Debug|Any CPU
		{5A3B9848-8198-458E-8254-D78DC641C97B}.Debug|Any CPU.Build.0 = Debug|Any CPU
		{5A3B9848-8198-458E-8254-D78DC641C97B}.Release|Any CPU.ActiveCfg = Release|Any CPU
		{5A3B9848-8198-458E-8254-D78DC641C97B}.Release|Any CPU.Build.0 = Release|Any CPU
		{D2A6AC45-FC61-498A-8415-BA1C360FE4DB}.Debug|Any CPU.ActiveCfg = Debug|Any CPU
		{D2A6AC45-FC61-498A-8415-BA1C360FE4DB}.Debug|Any CPU.Build.0 = Debug|Any CPU
		{D2A6AC45-FC61-498A-8415-BA1C360FE4DB}.Release|Any CPU.ActiveCfg = Release|Any CPU
		{D2A6AC45-FC61-498A-8415-BA1C360FE4DB}.Release|Any CPU.Build.0 = Release|Any CPU
	EndGlobalSection
	GlobalSection(SolutionProperties) = preSolution
		HideSolutionNode = FALSE
	EndGlobalSection
	GlobalSection(ExtensibilityGlobals) = postSolution
		SolutionGuid = {BED6B82F-9E6A-4855-B38F-839975B346CA}
	EndGlobalSection
EndGlobal
